// !$*UTF8*$!
{
	archiveVersion = 1;
	classes = {
	};
	objectVersion = 56;
	objects = {

/* Begin PBXBuildFile section */
		12FD8A492A23069D00BA55D2 /* AppDelegate.swift in Sources */ = {isa = PBXBuildFile; fileRef = 12FD8A482A23069D00BA55D2 /* AppDelegate.swift */; };
		12FD8A4B2A23069D00BA55D2 /* SceneDelegate.swift in Sources */ = {isa = PBXBuildFile; fileRef = 12FD8A4A2A23069D00BA55D2 /* SceneDelegate.swift */; };
		12FD8A4D2A23069D00BA55D2 /* ViewController.swift in Sources */ = {isa = PBXBuildFile; fileRef = 12FD8A4C2A23069D00BA55D2 /* ViewController.swift */; };
		12FD8A502A23069D00BA55D2 /* Main.storyboard in Resources */ = {isa = PBXBuildFile; fileRef = 12FD8A4E2A23069D00BA55D2 /* Main.storyboard */; };
		12FD8A522A23069F00BA55D2 /* Assets.xcassets in Resources */ = {isa = PBXBuildFile; fileRef = 12FD8A512A23069F00BA55D2 /* Assets.xcassets */; };
		12FD8A552A23069F00BA55D2 /* LaunchScreen.storyboard in Resources */ = {isa = PBXBuildFile; fileRef = 12FD8A532A23069F00BA55D2 /* LaunchScreen.storyboard */; };
		12FD8A602A23069F00BA55D2 /* iosGitPracticeTests.swift in Sources */ = {isa = PBXBuildFile; fileRef = 12FD8A5F2A23069F00BA55D2 /* iosGitPracticeTests.swift */; };
		12FD8A6A2A23069F00BA55D2 /* iosGitPracticeUITests.swift in Sources */ = {isa = PBXBuildFile; fileRef = 12FD8A692A23069F00BA55D2 /* iosGitPracticeUITests.swift */; };
		12FD8A6C2A23069F00BA55D2 /* iosGitPracticeUITestsLaunchTests.swift in Sources */ = {isa = PBXBuildFile; fileRef = 12FD8A6B2A23069F00BA55D2 /* iosGitPracticeUITestsLaunchTests.swift */; };
/* End PBXBuildFile section */

/* Begin PBXContainerItemProxy section */
		12FD8A5C2A23069F00BA55D2 /* PBXContainerItemProxy */ = {
			isa = PBXContainerItemProxy;
			containerPortal = 12FD8A3D2A23069D00BA55D2 /* Project object */;
			proxyType = 1;
			remoteGlobalIDString = 12FD8A442A23069D00BA55D2;
			remoteInfo = iosGitPractice;
		};
		12FD8A662A23069F00BA55D2 /* PBXContainerItemProxy */ = {
			isa = PBXContainerItemProxy;
			containerPortal = 12FD8A3D2A23069D00BA55D2 /* Project object */;
			proxyType = 1;
			remoteGlobalIDString = 12FD8A442A23069D00BA55D2;
			remoteInfo = iosGitPractice;
		};
/* End PBXContainerItemProxy section */

/* Begin PBXFileReference section */
		12FD8A452A23069D00BA55D2 /* iosGitPractice.app */ = {isa = PBXFileReference; explicitFileType = wrapper.application; includeInIndex = 0; path = iosGitPractice.app; sourceTree = BUILT_PRODUCTS_DIR; };
		12FD8A482A23069D00BA55D2 /* AppDelegate.swift */ = {isa = PBXFileReference; lastKnownFileType = sourcecode.swift; path = AppDelegate.swift; sourceTree = "<group>"; };
		12FD8A4A2A23069D00BA55D2 /* SceneDelegate.swift */ = {isa = PBXFileReference; lastKnownFileType = sourcecode.swift; path = SceneDelegate.swift; sourceTree = "<group>"; };
		12FD8A4C2A23069D00BA55D2 /* ViewController.swift */ = {isa = PBXFileReference; lastKnownFileType = sourcecode.swift; path = ViewController.swift; sourceTree = "<group>"; };
		12FD8A4F2A23069D00BA55D2 /* Base */ = {isa = PBXFileReference; lastKnownFileType = file.storyboard; name = Base; path = Base.lproj/Main.storyboard; sourceTree = "<group>"; };
		12FD8A512A23069F00BA55D2 /* Assets.xcassets */ = {isa = PBXFileReference; lastKnownFileType = folder.assetcatalog; path = Assets.xcassets; sourceTree = "<group>"; };
		12FD8A542A23069F00BA55D2 /* Base */ = {isa = PBXFileReference; lastKnownFileType = file.storyboard; name = Base; path = Base.lproj/LaunchScreen.storyboard; sourceTree = "<group>"; };
		12FD8A562A23069F00BA55D2 /* Info.plist */ = {isa = PBXFileReference; lastKnownFileType = text.plist.xml; path = Info.plist; sourceTree = "<group>"; };
		12FD8A5B2A23069F00BA55D2 /* iosGitPracticeTests.xctest */ = {isa = PBXFileReference; explicitFileType = wrapper.cfbundle; includeInIndex = 0; path = iosGitPracticeTests.xctest; sourceTree = BUILT_PRODUCTS_DIR; };
		12FD8A5F2A23069F00BA55D2 /* iosGitPracticeTests.swift */ = {isa = PBXFileReference; lastKnownFileType = sourcecode.swift; path = iosGitPracticeTests.swift; sourceTree = "<group>"; };
		12FD8A652A23069F00BA55D2 /* iosGitPracticeUITests.xctest */ = {isa = PBXFileReference; explicitFileType = wrapper.cfbundle; includeInIndex = 0; path = iosGitPracticeUITests.xctest; sourceTree = BUILT_PRODUCTS_DIR; };
		12FD8A692A23069F00BA55D2 /* iosGitPracticeUITests.swift */ = {isa = PBXFileReference; lastKnownFileType = sourcecode.swift; path = iosGitPracticeUITests.swift; sourceTree = "<group>"; };
		12FD8A6B2A23069F00BA55D2 /* iosGitPracticeUITestsLaunchTests.swift */ = {isa = PBXFileReference; lastKnownFileType = sourcecode.swift; path = iosGitPracticeUITestsLaunchTests.swift; sourceTree = "<group>"; };
/* End PBXFileReference section */

/* Begin PBXFrameworksBuildPhase section */
		12FD8A422A23069D00BA55D2 /* Frameworks */ = {
			isa = PBXFrameworksBuildPhase;
			buildActionMask = 2147483647;
			files = (
			);
			runOnlyForDeploymentPostprocessing = 0;
		};
		12FD8A582A23069F00BA55D2 /* Frameworks */ = {
			isa = PBXFrameworksBuildPhase;
			buildActionMask = 2147483647;
			files = (
			);
			runOnlyForDeploymentPostprocessing = 0;
		};
		12FD8A622A23069F00BA55D2 /* Frameworks */ = {
			isa = PBXFrameworksBuildPhase;
			buildActionMask = 2147483647;
			files = (
			);
			runOnlyForDeploymentPostprocessing = 0;
		};
/* End PBXFrameworksBuildPhase section */

/* Begin PBXGroup section */
		12FD8A3C2A23069D00BA55D2 = {
			isa = PBXGroup;
			children = (
				12FD8A472A23069D00BA55D2 /* iosGitPractice */,
				12FD8A5E2A23069F00BA55D2 /* iosGitPracticeTests */,
				12FD8A682A23069F00BA55D2 /* iosGitPracticeUITests */,
				12FD8A462A23069D00BA55D2 /* Products */,
			);
			sourceTree = "<group>";
		};
		12FD8A462A23069D00BA55D2 /* Products */ = {
			isa = PBXGroup;
			children = (
				12FD8A452A23069D00BA55D2 /* iosGitPractice.app */,
				12FD8A5B2A23069F00BA55D2 /* iosGitPracticeTests.xctest */,
				12FD8A652A23069F00BA55D2 /* iosGitPracticeUITests.xctest */,
			);
			name = Products;
			sourceTree = "<group>";
		};
		12FD8A472A23069D00BA55D2 /* iosGitPractice */ = {
			isa = PBXGroup;
			children = (
				12FD8A482A23069D00BA55D2 /* AppDelegate.swift */,
				12FD8A4A2A23069D00BA55D2 /* SceneDelegate.swift */,
				12FD8A4C2A23069D00BA55D2 /* ViewController.swift */,
				12FD8A4E2A23069D00BA55D2 /* Main.storyboard */,
				12FD8A512A23069F00BA55D2 /* Assets.xcassets */,
				12FD8A532A23069F00BA55D2 /* LaunchScreen.storyboard */,
				12FD8A562A23069F00BA55D2 /* Info.plist */,
			);
			path = iosGitPractice;
			sourceTree = "<group>";
		};
		12FD8A5E2A23069F00BA55D2 /* iosGitPracticeTests */ = {
			isa = PBXGroup;
			children = (
				12FD8A5F2A23069F00BA55D2 /* iosGitPracticeTests.swift */,
			);
			path = iosGitPracticeTests;
			sourceTree = "<group>";
		};
		12FD8A682A23069F00BA55D2 /* iosGitPracticeUITests */ = {
			isa = PBXGroup;
			children = (
				12FD8A692A23069F00BA55D2 /* iosGitPracticeUITests.swift */,
				12FD8A6B2A23069F00BA55D2 /* iosGitPracticeUITestsLaunchTests.swift */,
			);
			path = iosGitPracticeUITests;
			sourceTree = "<group>";
		};
/* End PBXGroup section */

/* Begin PBXNativeTarget section */
		12FD8A442A23069D00BA55D2 /* iosGitPractice */ = {
			isa = PBXNativeTarget;
			buildConfigurationList = 12FD8A6F2A23069F00BA55D2 /* Build configuration list for PBXNativeTarget "iosGitPractice" */;
			buildPhases = (
				12FD8A412A23069D00BA55D2 /* Sources */,
				12FD8A422A23069D00BA55D2 /* Frameworks */,
				12FD8A432A23069D00BA55D2 /* Resources */,
			);
			buildRules = (
			);
			dependencies = (
			);
			name = iosGitPractice;
			productName = iosGitPractice;
			productReference = 12FD8A452A23069D00BA55D2 /* iosGitPractice.app */;
			productType = "com.apple.product-type.application";
		};
		12FD8A5A2A23069F00BA55D2 /* iosGitPracticeTests */ = {
			isa = PBXNativeTarget;
			buildConfigurationList = 12FD8A722A23069F00BA55D2 /* Build configuration list for PBXNativeTarget "iosGitPracticeTests" */;
			buildPhases = (
				12FD8A572A23069F00BA55D2 /* Sources */,
				12FD8A582A23069F00BA55D2 /* Frameworks */,
				12FD8A592A23069F00BA55D2 /* Resources */,
			);
			buildRules = (
			);
			dependencies = (
				12FD8A5D2A23069F00BA55D2 /* PBXTargetDependency */,
			);
			name = iosGitPracticeTests;
			productName = iosGitPracticeTests;
			productReference = 12FD8A5B2A23069F00BA55D2 /* iosGitPracticeTests.xctest */;
			productType = "com.apple.product-type.bundle.unit-test";
		};
		12FD8A642A23069F00BA55D2 /* iosGitPracticeUITests */ = {
			isa = PBXNativeTarget;
			buildConfigurationList = 12FD8A752A23069F00BA55D2 /* Build configuration list for PBXNativeTarget "iosGitPracticeUITests" */;
			buildPhases = (
				12FD8A612A23069F00BA55D2 /* Sources */,
				12FD8A622A23069F00BA55D2 /* Frameworks */,
				12FD8A632A23069F00BA55D2 /* Resources */,
			);
			buildRules = (
			);
			dependencies = (
				12FD8A672A23069F00BA55D2 /* PBXTargetDependency */,
			);
			name = iosGitPracticeUITests;
			productName = iosGitPracticeUITests;
			productReference = 12FD8A652A23069F00BA55D2 /* iosGitPracticeUITests.xctest */;
			productType = "com.apple.product-type.bundle.ui-testing";
		};
/* End PBXNativeTarget section */

/* Begin PBXProject section */
		12FD8A3D2A23069D00BA55D2 /* Project object */ = {
			isa = PBXProject;
			attributes = {
				BuildIndependentTargetsInParallel = 1;
				LastSwiftUpdateCheck = 1400;
				LastUpgradeCheck = 1400;
				TargetAttributes = {
					12FD8A442A23069D00BA55D2 = {
						CreatedOnToolsVersion = 14.0;
					};
					12FD8A5A2A23069F00BA55D2 = {
						CreatedOnToolsVersion = 14.0;
						TestTargetID = 12FD8A442A23069D00BA55D2;
					};
					12FD8A642A23069F00BA55D2 = {
						CreatedOnToolsVersion = 14.0;
						TestTargetID = 12FD8A442A23069D00BA55D2;
					};
				};
			};
			buildConfigurationList = 12FD8A402A23069D00BA55D2 /* Build configuration list for PBXProject "iosGitPractice" */;
			compatibilityVersion = "Xcode 14.0";
			developmentRegion = en;
			hasScannedForEncodings = 0;
			knownRegions = (
				en,
				Base,
			);
			mainGroup = 12FD8A3C2A23069D00BA55D2;
			productRefGroup = 12FD8A462A23069D00BA55D2 /* Products */;
			projectDirPath = "";
			projectRoot = "";
			targets = (
				12FD8A442A23069D00BA55D2 /* iosGitPractice */,
				12FD8A5A2A23069F00BA55D2 /* iosGitPracticeTests */,
				12FD8A642A23069F00BA55D2 /* iosGitPracticeUITests */,
			);
		};
/* End PBXProject section */

/* Begin PBXResourcesBuildPhase section */
		12FD8A432A23069D00BA55D2 /* Resources */ = {
			isa = PBXResourcesBuildPhase;
			buildActionMask = 2147483647;
			files = (
				12FD8A552A23069F00BA55D2 /* LaunchScreen.storyboard in Resources */,
				12FD8A522A23069F00BA55D2 /* Assets.xcassets in Resources */,
				12FD8A502A23069D00BA55D2 /* Main.storyboard in Resources */,
			);
			runOnlyForDeploymentPostprocessing = 0;
		};
		12FD8A592A23069F00BA55D2 /* Resources */ = {
			isa = PBXResourcesBuildPhase;
			buildActionMask = 2147483647;
			files = (
			);
			runOnlyForDeploymentPostprocessing = 0;
		};
		12FD8A632A23069F00BA55D2 /* Resources */ = {
			isa = PBXResourcesBuildPhase;
			buildActionMask = 2147483647;
			files = (
			);
			runOnlyForDeploymentPostprocessing = 0;
		};
/* End PBXResourcesBuildPhase section */

/* Begin PBXSourcesBuildPhase section */
		12FD8A412A23069D00BA55D2 /* Sources */ = {
			isa = PBXSourcesBuildPhase;
			buildActionMask = 2147483647;
			files = (
				12FD8A4D2A23069D00BA55D2 /* ViewController.swift in Sources */,
				12FD8A492A23069D00BA55D2 /* AppDelegate.swift in Sources */,
				12FD8A4B2A23069D00BA55D2 /* SceneDelegate.swift in Sources */,
			);
			runOnlyForDeploymentPostprocessing = 0;
		};
		12FD8A572A23069F00BA55D2 /* Sources */ = {
			isa = PBXSourcesBuildPhase;
			buildActionMask = 2147483647;
			files = (
				12FD8A602A23069F00BA55D2 /* iosGitPracticeTests.swift in Sources */,
			);
			runOnlyForDeploymentPostprocessing = 0;
		};
		12FD8A612A23069F00BA55D2 /* Sources */ = {
			isa = PBXSourcesBuildPhase;
			buildActionMask = 2147483647;
			files = (
				12FD8A6C2A23069F00BA55D2 /* iosGitPracticeUITestsLaunchTests.swift in Sources */,
				12FD8A6A2A23069F00BA55D2 /* iosGitPracticeUITests.swift in Sources */,
			);
			runOnlyForDeploymentPostprocessing = 0;
		};
/* End PBXSourcesBuildPhase section */

/* Begin PBXTargetDependency section */
		12FD8A5D2A23069F00BA55D2 /* PBXTargetDependency */ = {
			isa = PBXTargetDependency;
			target = 12FD8A442A23069D00BA55D2 /* iosGitPractice */;
			targetProxy = 12FD8A5C2A23069F00BA55D2 /* PBXContainerItemProxy */;
		};
		12FD8A672A23069F00BA55D2 /* PBXTargetDependency */ = {
			isa = PBXTargetDependency;
			target = 12FD8A442A23069D00BA55D2 /* iosGitPractice */;
			targetProxy = 12FD8A662A23069F00BA55D2 /* PBXContainerItemProxy */;
		};
/* End PBXTargetDependency section */

/* Begin PBXVariantGroup section */
		12FD8A4E2A23069D00BA55D2 /* Main.storyboard */ = {
			isa = PBXVariantGroup;
			children = (
				12FD8A4F2A23069D00BA55D2 /* Base */,
			);
			name = Main.storyboard;
			sourceTree = "<group>";
		};
		12FD8A532A23069F00BA55D2 /* LaunchScreen.storyboard */ = {
			isa = PBXVariantGroup;
			children = (
				12FD8A542A23069F00BA55D2 /* Base */,
			);
			name = LaunchScreen.storyboard;
			sourceTree = "<group>";
		};
/* End PBXVariantGroup section */

/* Begin XCBuildConfiguration section */
		12FD8A6D2A23069F00BA55D2 /* Debug */ = {
			isa = XCBuildConfiguration;
			buildSettings = {
				ALWAYS_SEARCH_USER_PATHS = NO;
				CLANG_ANALYZER_NONNULL = YES;
				CLANG_ANALYZER_NUMBER_OBJECT_CONVERSION = YES_AGGRESSIVE;
				CLANG_CXX_LANGUAGE_STANDARD = "gnu++20";
				CLANG_ENABLE_MODULES = YES;
				CLANG_ENABLE_OBJC_ARC = YES;
				CLANG_ENABLE_OBJC_WEAK = YES;
				CLANG_WARN_BLOCK_CAPTURE_AUTORELEASING = YES;
				CLANG_WARN_BOOL_CONVERSION = YES;
				CLANG_WARN_COMMA = YES;
				CLANG_WARN_CONSTANT_CONVERSION = YES;
				CLANG_WARN_DEPRECATED_OBJC_IMPLEMENTATIONS = YES;
				CLANG_WARN_DIRECT_OBJC_ISA_USAGE = YES_ERROR;
				CLANG_WARN_DOCUMENTATION_COMMENTS = YES;
				CLANG_WARN_EMPTY_BODY = YES;
				CLANG_WARN_ENUM_CONVERSION = YES;
				CLANG_WARN_INFINITE_RECURSION = YES;
				CLANG_WARN_INT_CONVERSION = YES;
				CLANG_WARN_NON_LITERAL_NULL_CONVERSION = YES;
				CLANG_WARN_OBJC_IMPLICIT_RETAIN_SELF = YES;
				CLANG_WARN_OBJC_LITERAL_CONVERSION = YES;
				CLANG_WARN_OBJC_ROOT_CLASS = YES_ERROR;
				CLANG_WARN_QUOTED_INCLUDE_IN_FRAMEWORK_HEADER = YES;
				CLANG_WARN_RANGE_LOOP_ANALYSIS = YES;
				CLANG_WARN_STRICT_PROTOTYPES = YES;
				CLANG_WARN_SUSPICIOUS_MOVE = YES;
				CLANG_WARN_UNGUARDED_AVAILABILITY = YES_AGGRESSIVE;
				CLANG_WARN_UNREACHABLE_CODE = YES;
				CLANG_WARN__DUPLICATE_METHOD_MATCH = YES;
				COPY_PHASE_STRIP = NO;
				DEBUG_INFORMATION_FORMAT = dwarf;
				ENABLE_STRICT_OBJC_MSGSEND = YES;
				ENABLE_TESTABILITY = YES;
				GCC_C_LANGUAGE_STANDARD = gnu11;
				GCC_DYNAMIC_NO_PIC = NO;
				GCC_NO_COMMON_BLOCKS = YES;
				GCC_OPTIMIZATION_LEVEL = 0;
				GCC_PREPROCESSOR_DEFINITIONS = (
					"DEBUG=1",
					"$(inherited)",
				);
				GCC_WARN_64_TO_32_BIT_CONVERSION = YES;
				GCC_WARN_ABOUT_RETURN_TYPE = YES_ERROR;
				GCC_WARN_UNDECLARED_SELECTOR = YES;
				GCC_WARN_UNINITIALIZED_AUTOS = YES_AGGRESSIVE;
				GCC_WARN_UNUSED_FUNCTION = YES;
				GCC_WARN_UNUSED_VARIABLE = YES;
				IPHONEOS_DEPLOYMENT_TARGET = 16.0;
				MTL_ENABLE_DEBUG_INFO = INCLUDE_SOURCE;
				MTL_FAST_MATH = YES;
				ONLY_ACTIVE_ARCH = YES;
				SDKROOT = iphoneos;
				SWIFT_ACTIVE_COMPILATION_CONDITIONS = DEBUG;
				SWIFT_OPTIMIZATION_LEVEL = "-Onone";
			};
			name = Debug;
		};
		12FD8A6E2A23069F00BA55D2 /* Release */ = {
			isa = XCBuildConfiguration;
			buildSettings = {
				ALWAYS_SEARCH_USER_PATHS = NO;
				CLANG_ANALYZER_NONNULL = YES;
				CLANG_ANALYZER_NUMBER_OBJECT_CONVERSION = YES_AGGRESSIVE;
				CLANG_CXX_LANGUAGE_STANDARD = "gnu++20";
				CLANG_ENABLE_MODULES = YES;
				CLANG_ENABLE_OBJC_ARC = YES;
				CLANG_ENABLE_OBJC_WEAK = YES;
				CLANG_WARN_BLOCK_CAPTURE_AUTORELEASING = YES;
				CLANG_WARN_BOOL_CONVERSION = YES;
				CLANG_WARN_COMMA = YES;
				CLANG_WARN_CONSTANT_CONVERSION = YES;
				CLANG_WARN_DEPRECATED_OBJC_IMPLEMENTATIONS = YES;
				CLANG_WARN_DIRECT_OBJC_ISA_USAGE = YES_ERROR;
				CLANG_WARN_DOCUMENTATION_COMMENTS = YES;
				CLANG_WARN_EMPTY_BODY = YES;
				CLANG_WARN_ENUM_CONVERSION = YES;
				CLANG_WARN_INFINITE_RECURSION = YES;
				CLANG_WARN_INT_CONVERSION = YES;
				CLANG_WARN_NON_LITERAL_NULL_CONVERSION = YES;
				CLANG_WARN_OBJC_IMPLICIT_RETAIN_SELF = YES;
				CLANG_WARN_OBJC_LITERAL_CONVERSION = YES;
				CLANG_WARN_OBJC_ROOT_CLASS = YES_ERROR;
				CLANG_WARN_QUOTED_INCLUDE_IN_FRAMEWORK_HEADER = YES;
				CLANG_WARN_RANGE_LOOP_ANALYSIS = YES;
				CLANG_WARN_STRICT_PROTOTYPES = YES;
				CLANG_WARN_SUSPICIOUS_MOVE = YES;
				CLANG_WARN_UNGUARDED_AVAILABILITY = YES_AGGRESSIVE;
				CLANG_WARN_UNREACHABLE_CODE = YES;
				CLANG_WARN__DUPLICATE_METHOD_MATCH = YES;
				COPY_PHASE_STRIP = NO;
				DEBUG_INFORMATION_FORMAT = "dwarf-with-dsym";
				ENABLE_NS_ASSERTIONS = NO;
				ENABLE_STRICT_OBJC_MSGSEND = YES;
				GCC_C_LANGUAGE_STANDARD = gnu11;
				GCC_NO_COMMON_BLOCKS = YES;
				GCC_WARN_64_TO_32_BIT_CONVERSION = YES;
				GCC_WARN_ABOUT_RETURN_TYPE = YES_ERROR;
				GCC_WARN_UNDECLARED_SELECTOR = YES;
				GCC_WARN_UNINITIALIZED_AUTOS = YES_AGGRESSIVE;
				GCC_WARN_UNUSED_FUNCTION = YES;
				GCC_WARN_UNUSED_VARIABLE = YES;
				IPHONEOS_DEPLOYMENT_TARGET = 16.0;
				MTL_ENABLE_DEBUG_INFO = NO;
				MTL_FAST_MATH = YES;
				SDKROOT = iphoneos;
				SWIFT_COMPILATION_MODE = wholemodule;
				SWIFT_OPTIMIZATION_LEVEL = "-O";
				VALIDATE_PRODUCT = YES;
			};
			name = Release;
		};
		12FD8A702A23069F00BA55D2 /* Debug */ = {
			isa = XCBuildConfiguration;
			buildSettings = {
				ASSETCATALOG_COMPILER_APPICON_NAME = AppIcon;
				ASSETCATALOG_COMPILER_GLOBAL_ACCENT_COLOR_NAME = AccentColor;
				CODE_SIGN_STYLE = Automatic;
				CURRENT_PROJECT_VERSION = 1;
				GENERATE_INFOPLIST_FILE = YES;
				INFOPLIST_FILE = iosGitPractice/Info.plist;
				INFOPLIST_KEY_UIApplicationSupportsIndirectInputEvents = YES;
				INFOPLIST_KEY_UILaunchStoryboardName = LaunchScreen;
				INFOPLIST_KEY_UIMainStoryboardFile = Main;
				INFOPLIST_KEY_UISupportedInterfaceOrientations_iPad = "UIInterfaceOrientationPortrait UIInterfaceOrientationPortraitUpsideDown UIInterfaceOrientationLandscapeLeft UIInterfaceOrientationLandscapeRight";
				INFOPLIST_KEY_UISupportedInterfaceOrientations_iPhone = "UIInterfaceOrientationPortrait UIInterfaceOrientationLandscapeLeft UIInterfaceOrientationLandscapeRight";
				LD_RUNPATH_SEARCH_PATHS = (
					"$(inherited)",
					"@executable_path/Frameworks",
				);
				MARKETING_VERSION = 1.0;
				PRODUCT_BUNDLE_IDENTIFIER = com.Mamta.iosGitPractice;
				PRODUCT_NAME = "$(TARGET_NAME)";
				SWIFT_EMIT_LOC_STRINGS = YES;
				SWIFT_VERSION = 5.0;
				TARGETED_DEVICE_FAMILY = "1,2";
			};
			name = Debug;
		};
		12FD8A712A23069F00BA55D2 /* Release */ = {
			isa = XCBuildConfiguration;
			buildSettings = {
				ASSETCATALOG_COMPILER_APPICON_NAME = AppIcon;
				ASSETCATALOG_COMPILER_GLOBAL_ACCENT_COLOR_NAME = AccentColor;
				CODE_SIGN_STYLE = Automatic;
				CURRENT_PROJECT_VERSION = 1;
				GENERATE_INFOPLIST_FILE = YES;
				INFOPLIST_FILE = iosGitPractice/Info.plist;
				INFOPLIST_KEY_UIApplicationSupportsIndirectInputEvents = YES;
				INFOPLIST_KEY_UILaunchStoryboardName = LaunchScreen;
				INFOPLIST_KEY_UIMainStoryboardFile = Main;
				INFOPLIST_KEY_UISupportedInterfaceOrientations_iPad = "UIInterfaceOrientationPortrait UIInterfaceOrientationPortraitUpsideDown UIInterfaceOrientationLandscapeLeft UIInterfaceOrientationLandscapeRight";
				INFOPLIST_KEY_UISupportedInterfaceOrientations_iPhone = "UIInterfaceOrientationPortrait UIInterfaceOrientationLandscapeLeft UIInterfaceOrientationLandscapeRight";
				LD_RUNPATH_SEARCH_PATHS = (
					"$(inherited)",
					"@executable_path/Frameworks",
				);
				MARKETING_VERSION = 1.0;
				PRODUCT_BUNDLE_IDENTIFIER = com.Mamta.iosGitPractice;
				PRODUCT_NAME = "$(TARGET_NAME)";
				SWIFT_EMIT_LOC_STRINGS = YES;
				SWIFT_VERSION = 5.0;
				TARGETED_DEVICE_FAMILY = "1,2";
			};
			name = Release;
		};
		12FD8A732A23069F00BA55D2 /* Debug */ = {
			isa = XCBuildConfiguration;
			buildSettings = {
				ALWAYS_EMBED_SWIFT_STANDARD_LIBRARIES = YES;
				BUNDLE_LOADER = "$(TEST_HOST)";
				CODE_SIGN_STYLE = Automatic;
				CURRENT_PROJECT_VERSION = 1;
				GENERATE_INFOPLIST_FILE = YES;
				IPHONEOS_DEPLOYMENT_TARGET = 16.0;
				MARKETING_VERSION = 1.0;
				PRODUCT_BUNDLE_IDENTIFIER = com.Mamta.iosGitPracticeTests;
				PRODUCT_NAME = "$(TARGET_NAME)";
				SWIFT_EMIT_LOC_STRINGS = NO;
				SWIFT_VERSION = 5.0;
				TARGETED_DEVICE_FAMILY = "1,2";
				TEST_HOST = "$(BUILT_PRODUCTS_DIR)/iosGitPractice.app/$(BUNDLE_EXECUTABLE_FOLDER_PATH)/iosGitPractice";
			};
			name = Debug;
		};
		12FD8A742A23069F00BA55D2 /* Release */ = {
			isa = XCBuildConfiguration;
			buildSettings = {
				ALWAYS_EMBED_SWIFT_STANDARD_LIBRARIES = YES;
				BUNDLE_LOADER = "$(TEST_HOST)";
				CODE_SIGN_STYLE = Automatic;
				CURRENT_PROJECT_VERSION = 1;
				GENERATE_INFOPLIST_FILE = YES;
				IPHONEOS_DEPLOYMENT_TARGET = 16.0;
				MARKETING_VERSION = 1.0;
				PRODUCT_BUNDLE_IDENTIFIER = com.Mamta.iosGitPracticeTests;
				PRODUCT_NAME = "$(TARGET_NAME)";
				SWIFT_EMIT_LOC_STRINGS = NO;
				SWIFT_VERSION = 5.0;
				TARGETED_DEVICE_FAMILY = "1,2";
				TEST_HOST = "$(BUILT_PRODUCTS_DIR)/iosGitPractice.app/$(BUNDLE_EXECUTABLE_FOLDER_PATH)/iosGitPractice";
			};
			name = Release;
		};
		12FD8A762A23069F00BA55D2 /* Debug */ = {
			isa = XCBuildConfiguration;
			buildSettings = {
				ALWAYS_EMBED_SWIFT_STANDARD_LIBRARIES = YES;
				CODE_SIGN_STYLE = Automatic;
				CURRENT_PROJECT_VERSION = 1;
				GENERATE_INFOPLIST_FILE = YES;
				MARKETING_VERSION = 1.0;
				PRODUCT_BUNDLE_IDENTIFIER = com.Mamta.iosGitPracticeUITests;
				PRODUCT_NAME = "$(TARGET_NAME)";
				SWIFT_EMIT_LOC_STRINGS = NO;
				SWIFT_VERSION = 5.0;
				TARGETED_DEVICE_FAMILY = "1,2";
				TEST_TARGET_NAME = iosGitPractice;
			};
			name = Debug;
		};
		12FD8A772A23069F00BA55D2 /* Release */ = {
			isa = XCBuildConfiguration;
			buildSettings = {
				ALWAYS_EMBED_SWIFT_STANDARD_LIBRARIES = YES;
				CODE_SIGN_STYLE = Automatic;
				CURRENT_PROJECT_VERSION = 1;
				GENERATE_INFOPLIST_FILE = YES;
				MARKETING_VERSION = 1.0;
				PRODUCT_BUNDLE_IDENTIFIER = com.Mamta.iosGitPracticeUITests;
				PRODUCT_NAME = "$(TARGET_NAME)";
				SWIFT_EMIT_LOC_STRINGS = NO;
				SWIFT_VERSION = 5.0;
				TARGETED_DEVICE_FAMILY = "1,2";
				TEST_TARGET_NAME = iosGitPractice;
			};
			name = Release;
		};
/* End XCBuildConfiguration section */

/* Begin XCConfigurationList section */
		12FD8A402A23069D00BA55D2 /* Build configuration list for PBXProject "iosGitPractice" */ = {
			isa = XCConfigurationList;
			buildConfigurations = (
				12FD8A6D2A23069F00BA55D2 /* Debug */,
				12FD8A6E2A23069F00BA55D2 /* Release */,
			);
			defaultConfigurationIsVisible = 0;
			defaultConfigurationName = Release;
		};
		12FD8A6F2A23069F00BA55D2 /* Build configuration list for PBXNativeTarget "iosGitPractice" */ = {
			isa = XCConfigurationList;
			buildConfigurations = (
				12FD8A702A23069F00BA55D2 /* Debug */,
				12FD8A712A23069F00BA55D2 /* Release */,
			);
			defaultConfigurationIsVisible = 0;
			defaultConfigurationName = Release;
		};
		12FD8A722A23069F00BA55D2 /* Build configuration list for PBXNativeTarget "iosGitPracticeTests" */ = {
			isa = XCConfigurationList;
			buildConfigurations = (
				12FD8A732A23069F00BA55D2 /* Debug */,
				12FD8A742A23069F00BA55D2 /* Release */,
			);
			defaultConfigurationIsVisible = 0;
			defaultConfigurationName = Release;
		};
		12FD8A752A23069F00BA55D2 /* Build configuration list for PBXNativeTarget "iosGitPracticeUITests" */ = {
			isa = XCConfigurationList;
			buildConfigurations = (
				12FD8A762A23069F00BA55D2 /* Debug */,
				12FD8A772A23069F00BA55D2 /* Release */,
			);
			defaultConfigurationIsVisible = 0;
			defaultConfigurationName = Release;
		};
/* End XCConfigurationList section */
	};
	rootObject = 12FD8A3D2A23069D00BA55D2 /* Project object */;
}
